
Microsoft Visual Studio Solution File, Format Version 12.00
# Visual Studio Version 16
VisualStudioVersion = 16.0.810.8
MinimumVisualStudioVersion = 10.0.40219.1
Project("{FAE04EC0-301F-11D3-BF4B-00C04F79EFBC}") = "Day1", "Day1\Day1.csproj", "{2A46A11E-FBB2-4B27-AECC-C0B9C70D4D48}"
EndProject
Project("{FAE04EC0-301F-11D3-BF4B-00C04F79EFBC}") = "Recursion", "Recursion\Recursion.csproj", "{9F14E392-3FBD-40FE-BB96-8BB96DB2751C}"
EndProject
Project("{FAE04EC0-301F-11D3-BF4B-00C04F79EFBC}") = "TicTacToeAssig", "TicTacToe\TicTacToeAssig.csproj", "{C5289841-1761-43B4-82A5-0F30C73A36F2}"
EndProject
Global
	GlobalSection(SolutionConfigurationPlatforms) = preSolution
		Debug|Any CPU = Debug|Any CPU
		Release|Any CPU = Release|Any CPU
	EndGlobalSection
	GlobalSection(ProjectConfigurationPlatforms) = postSolution
		{2A46A11E-FBB2-4B27-AECC-C0B9C70D4D48}.Debug|Any CPU.ActiveCfg = Debug|Any CPU
		{2A46A11E-FBB2-4B27-AECC-C0B9C70D4D48}.Debug|Any CPU.Build.0 = Debug|Any CPU
		{2A46A11E-FBB2-4B27-AECC-C0B9C70D4D48}.Release|Any CPU.ActiveCfg = Release|Any CPU
		{2A46A11E-FBB2-4B27-AECC-C0B9C70D4D48}.Release|Any CPU.Build.0 = Release|Any CPU
		{9F14E392-3FBD-40FE-BB96-8BB96DB2751C}.Debug|Any CPU.ActiveCfg = Debug|Any CPU
		{9F14E392-3FBD-40FE-BB96-8BB96DB2751C}.Debug|Any CPU.Build.0 = Debug|Any CPU
		{9F14E392-3FBD-40FE-BB96-8BB96DB2751C}.Release|Any CPU.ActiveCfg = Release|Any CPU
		{9F14E392-3FBD-40FE-BB96-8BB96DB2751C}.Release|Any CPU.Build.0 = Release|Any CPU
		{C5289841-1761-43B4-82A5-0F30C73A36F2}.Debug|Any CPU.ActiveCfg = Debug|Any CPU
		{C5289841-1761-43B4-82A5-0F30C73A36F2}.Debug|Any CPU.Build.0 = Debug|Any CPU
		{C5289841-1761-43B4-82A5-0F30C73A36F2}.Release|Any CPU.ActiveCfg = Release|Any CPU
		{C5289841-1761-43B4-82A5-0F30C73A36F2}.Release|Any CPU.Build.0 = Release|Any CPU
	EndGlobalSection
	GlobalSection(SolutionProperties) = preSolution
		HideSolutionNode = FALSE
	EndGlobalSection
	GlobalSection(ExtensibilityGlobals) = postSolution
		SolutionGuid = {1FB124AA-185A-46AB-B766-3DB462731235}
	EndGlobalSection
EndGlobal
